
Microsoft Visual Studio Solution File, Format Version 12.00
# Visual Studio 15
VisualStudioVersion = 15.0.27130.2036
MinimumVisualStudioVersion = 10.0.40219.1
Project("{FAE04EC0-301F-11D3-BF4B-00C04F79EFBC}") = "Serenade", "Serenade\Serenade.csproj", "{B51C5F8E-2142-4F52-B1BC-C1B1A05B6ECE}"
EndProject
Global
	GlobalSection(SolutionConfigurationPlatforms) = preSolution
		Debug|Any CPU = Debug|Any CPU
		Release|Any CPU = Release|Any CPU
	EndGlobalSection
	GlobalSection(ProjectConfigurationPlatforms) = postSolution
		{B51C5F8E-2142-4F52-B1BC-C1B1A05B6ECE}.Debug|Any CPU.ActiveCfg = Debug|Any CPU
		{B51C5F8E-2142-4F52-B1BC-C1B1A05B6ECE}.Debug|Any CPU.Build.0 = Debug|Any CPU
		{B51C5F8E-2142-4F52-B1BC-C1B1A05B6ECE}.Release|Any CPU.ActiveCfg = Release|Any CPU
		{B51C5F8E-2142-4F52-B1BC-C1B1A05B6ECE}.Release|Any CPU.Build.0 = Release|Any CPU
	EndGlobalSection
	GlobalSection(SolutionProperties) = preSolution
		HideSolutionNode = FALSE
	EndGlobalSection
	GlobalSection(ExtensibilityGlobals) = postSolution
		SolutionGuid = {5E44D7B0-BA29-4274-85EC-E489229C81AD}
	EndGlobalSection
EndGlobal
